
Microsoft Visual Studio Solution File, Format Version 12.00
# Visual Studio 15
VisualStudioVersion = 15.0.27130.0
MinimumVisualStudioVersion = 10.0.40219.1
Project("{888888A0-9F3D-457C-B088-3A5042F75D52}") = "Meta-Learning", "Meta-Learning\Meta-Learning.pyproj", "{D26536E8-CCCC-4F1B-9AF5-AAAD6433243B}"
EndProject
Global
	GlobalSection(SolutionConfigurationPlatforms) = preSolution
		Debug|Any CPU = Debug|Any CPU
		Release|Any CPU = Release|Any CPU
	EndGlobalSection
	GlobalSection(ProjectConfigurationPlatforms) = postSolution
		{D26536E8-CCCC-4F1B-9AF5-AAAD6433243B}.Debug|Any CPU.ActiveCfg = Debug|Any CPU
		{D26536E8-CCCC-4F1B-9AF5-AAAD6433243B}.Release|Any CPU.ActiveCfg = Release|Any CPU
	EndGlobalSection
	GlobalSection(SolutionProperties) = preSolution
		HideSolutionNode = FALSE
	EndGlobalSection
	GlobalSection(ExtensibilityGlobals) = postSolution
		SolutionGuid = {53CB264D-E064-4DC2-AEBC-4812BABF200B}
	EndGlobalSection
EndGlobal
