
Microsoft Visual Studio Solution File, Format Version 12.00
# Visual Studio 15
VisualStudioVersion = 15.0.27130.0
MinimumVisualStudioVersion = 10.0.40219.1
Project("{888888A0-9F3D-457C-B088-3A5042F75D52}") = "DBPersistence", "DBPersistence\DBPersistence.pyproj", "{6A295B5E-E3AE-4CC2-81EC-34235526E977}"
EndProject
Project("{888888A0-9F3D-457C-B088-3A5042F75D52}") = "StatisticalAnalyser", "StatisticalAnalyser\StatisticalAnalyser.pyproj", "{3632F3D5-CFB0-41D8-B74F-947AA96B2B2D}"
EndProject
Project("{888888A0-9F3D-457C-B088-3A5042F75D52}") = "Meta-Learner", "Meta-Learner\Meta-Learner.pyproj", "{5FD485E1-6E95-4B32-B30C-A7E538C235A7}"
EndProject
Global
	GlobalSection(SolutionConfigurationPlatforms) = preSolution
		Debug|Any CPU = Debug|Any CPU
		Release|Any CPU = Release|Any CPU
	EndGlobalSection
	GlobalSection(ProjectConfigurationPlatforms) = postSolution
		{6A295B5E-E3AE-4CC2-81EC-34235526E977}.Debug|Any CPU.ActiveCfg = Debug|Any CPU
		{6A295B5E-E3AE-4CC2-81EC-34235526E977}.Release|Any CPU.ActiveCfg = Release|Any CPU
		{3632F3D5-CFB0-41D8-B74F-947AA96B2B2D}.Debug|Any CPU.ActiveCfg = Debug|Any CPU
		{3632F3D5-CFB0-41D8-B74F-947AA96B2B2D}.Release|Any CPU.ActiveCfg = Release|Any CPU
		{5FD485E1-6E95-4B32-B30C-A7E538C235A7}.Debug|Any CPU.ActiveCfg = Debug|Any CPU
		{5FD485E1-6E95-4B32-B30C-A7E538C235A7}.Release|Any CPU.ActiveCfg = Release|Any CPU
	EndGlobalSection
	GlobalSection(SolutionProperties) = preSolution
		HideSolutionNode = FALSE
	EndGlobalSection
	GlobalSection(ExtensibilityGlobals) = postSolution
		SolutionGuid = {53CB264D-E064-4DC2-AEBC-4812BABF200B}
	EndGlobalSection
EndGlobal
